// !$*UTF8*$!
{
	archiveVersion = 1;
	classes = {
	};
	objectVersion = 46;
	objects = {

/* Begin PBXBuildFile section */
		511C1A871E3037CF00E39FFA /* User.swift in Sources */ = {isa = PBXBuildFile; fileRef = 511C1A861E3037CF00E39FFA /* User.swift */; };
		513D77781E37B23A000224DC /* PostAPI.swift in Sources */ = {isa = PBXBuildFile; fileRef = 513D77771E37B23A000224DC /* PostAPI.swift */; };
		513D777A1E37B558000224DC /* UserAPI.swift in Sources */ = {isa = PBXBuildFile; fileRef = 513D77791E37B558000224DC /* UserAPI.swift */; };
		513D777C1E37B87B000224DC /* API.swift in Sources */ = {isa = PBXBuildFile; fileRef = 513D777B1E37B87B000224DC /* API.swift */; };
		513D777E1E37B9C9000224DC /* CommentAPI.swift in Sources */ = {isa = PBXBuildFile; fileRef = 513D777D1E37B9C9000224DC /* CommentAPI.swift */; };
		513D77801E3816AF000224DC /* PostCommentAPI.swift in Sources */ = {isa = PBXBuildFile; fileRef = 513D777F1E3816AF000224DC /* PostCommentAPI.swift */; };
		514DC8E21E2D4DE7001CD672 /* Post.swift in Sources */ = {isa = PBXBuildFile; fileRef = 514DC8E11E2D4DE7001CD672 /* Post.swift */; };
		514DC8E41E2E96E5001CD672 /* HomeTableViewCell.swift in Sources */ = {isa = PBXBuildFile; fileRef = 514DC8E31E2E96E5001CD672 /* HomeTableViewCell.swift */; };
		5168A53B1E2AA6080090FB07 /* ProgressHUD.bundle in Resources */ = {isa = PBXBuildFile; fileRef = 5168A5381E2AA6080090FB07 /* ProgressHUD.bundle */; };
		5168A53C1E2AA6080090FB07 /* ProgressHUD.m in Sources */ = {isa = PBXBuildFile; fileRef = 5168A53A1E2AA6080090FB07 /* ProgressHUD.m */; };
		516C65A11E19667000547A9B /* AppDelegate.swift in Sources */ = {isa = PBXBuildFile; fileRef = 516C65A01E19667000547A9B /* AppDelegate.swift */; };
		516C65A81E19667000547A9B /* Assets.xcassets in Resources */ = {isa = PBXBuildFile; fileRef = 516C65A71E19667000547A9B /* Assets.xcassets */; };
		516C65AB1E19667000547A9B /* LaunchScreen.storyboard in Resources */ = {isa = PBXBuildFile; fileRef = 516C65A91E19667000547A9B /* LaunchScreen.storyboard */; };
		516C65B31E196D0800547A9B /* Start.storyboard in Resources */ = {isa = PBXBuildFile; fileRef = 516C65B21E196D0800547A9B /* Start.storyboard */; };
		516C65B51E196E4B00547A9B /* SignInViewController.swift in Sources */ = {isa = PBXBuildFile; fileRef = 516C65B41E196E4B00547A9B /* SignInViewController.swift */; };
		516C65B71E1981C100547A9B /* SignUpViewController.swift in Sources */ = {isa = PBXBuildFile; fileRef = 516C65B61E1981C000547A9B /* SignUpViewController.swift */; };
		516C65B91E19BE7000547A9B /* HomeViewController.swift in Sources */ = {isa = PBXBuildFile; fileRef = 516C65B81E19BE7000547A9B /* HomeViewController.swift */; };
		516C65BB1E19BEB500547A9B /* DiscoverViewController.swift in Sources */ = {isa = PBXBuildFile; fileRef = 516C65BA1E19BEB500547A9B /* DiscoverViewController.swift */; };
		516C65BD1E19BEF500547A9B /* CameraViewController.swift in Sources */ = {isa = PBXBuildFile; fileRef = 516C65BC1E19BEF500547A9B /* CameraViewController.swift */; };
		516C65BF1E19BF4F00547A9B /* ActivityViewController.swift in Sources */ = {isa = PBXBuildFile; fileRef = 516C65BE1E19BF4F00547A9B /* ActivityViewController.swift */; };
		516C65C11E19BF9800547A9B /* ProfileViewController.swift in Sources */ = {isa = PBXBuildFile; fileRef = 516C65C01E19BF9800547A9B /* ProfileViewController.swift */; };
		516C65C31E1ACA3B00547A9B /* TabBar.storyboard in Resources */ = {isa = PBXBuildFile; fileRef = 516C65C21E1ACA3B00547A9B /* TabBar.storyboard */; };
		516C65C51E1AD6BF00547A9B /* Home.storyboard in Resources */ = {isa = PBXBuildFile; fileRef = 516C65C41E1AD6BF00547A9B /* Home.storyboard */; };
		516C65C71E1AD73400547A9B /* Discover.storyboard in Resources */ = {isa = PBXBuildFile; fileRef = 516C65C61E1AD73400547A9B /* Discover.storyboard */; };
		516C65C91E1AD79200547A9B /* Camera.storyboard in Resources */ = {isa = PBXBuildFile; fileRef = 516C65C81E1AD79200547A9B /* Camera.storyboard */; };
		516C65CB1E1AD80000547A9B /* Activity.storyboard in Resources */ = {isa = PBXBuildFile; fileRef = 516C65CA1E1AD80000547A9B /* Activity.storyboard */; };
		516C65CD1E1AD86500547A9B /* Profile.storyboard in Resources */ = {isa = PBXBuildFile; fileRef = 516C65CC1E1AD86500547A9B /* Profile.storyboard */; };
		51B4F0B51E1DCB3A00DD76FD /* GoogleService-Info.plist in Resources */ = {isa = PBXBuildFile; fileRef = 51B4F0B41E1DCB3A00DD76FD /* GoogleService-Info.plist */; };
		51DAA6481E32D6A400D5B457 /* CommentViewController.swift in Sources */ = {isa = PBXBuildFile; fileRef = 51DAA6471E32D6A400D5B457 /* CommentViewController.swift */; };
		51DAA64A1E32D73500D5B457 /* CommentTableViewCell.swift in Sources */ = {isa = PBXBuildFile; fileRef = 51DAA6491E32D73500D5B457 /* CommentTableViewCell.swift */; };
		51DAA6701E35349300D5B457 /* Comment.swift in Sources */ = {isa = PBXBuildFile; fileRef = 51DAA66F1E35349300D5B457 /* Comment.swift */; };
		51E009441E22BF0600D37151 /* Constants.swift in Sources */ = {isa = PBXBuildFile; fileRef = 51E009431E22BF0600D37151 /* Constants.swift */; };
		51E009471E2599C000D37151 /* AuthService.swift in Sources */ = {isa = PBXBuildFile; fileRef = 51E009461E2599C000D37151 /* AuthService.swift */; };
		6C7FEB661E417D1700747494 /* ProfileHeaderCollectionReusableView.swift in Sources */ = {isa = PBXBuildFile; fileRef = 6C7FEB651E417D1700747494 /* ProfileHeaderCollectionReusableView.swift */; };
		AAF13790359D07ECD17066C4 /* Pods_Blocstagram.framework in Frameworks */ = {isa = PBXBuildFile; fileRef = 94062A553C35D5EF531075D5 /* Pods_Blocstagram.framework */; };
		E17E4A961E68EB9E0072045C /* UserPostAPI.swift in Sources */ = {isa = PBXBuildFile; fileRef = E17E4A951E68EB9E0072045C /* UserPostAPI.swift */; };
/* End PBXBuildFile section */

/* Begin PBXFileReference section */
		071A29689C501195B90ADED0 /* Pods-Blocstagram.release.xcconfig */ = {isa = PBXFileReference; includeInIndex = 1; lastKnownFileType = text.xcconfig; name = "Pods-Blocstagram.release.xcconfig"; path = "Pods/Target Support Files/Pods-Blocstagram/Pods-Blocstagram.release.xcconfig"; sourceTree = "<group>"; };
		511C1A861E3037CF00E39FFA /* User.swift */ = {isa = PBXFileReference; fileEncoding = 4; lastKnownFileType = sourcecode.swift; name = User.swift; path = Model/User.swift; sourceTree = "<group>"; };
		513D77771E37B23A000224DC /* PostAPI.swift */ = {isa = PBXFileReference; fileEncoding = 4; lastKnownFileType = sourcecode.swift; name = PostAPI.swift; path = Model/PostAPI.swift; sourceTree = "<group>"; };
		513D77791E37B558000224DC /* UserAPI.swift */ = {isa = PBXFileReference; fileEncoding = 4; lastKnownFileType = sourcecode.swift; name = UserAPI.swift; path = Model/UserAPI.swift; sourceTree = "<group>"; };
		513D777B1E37B87B000224DC /* API.swift */ = {isa = PBXFileReference; fileEncoding = 4; lastKnownFileType = sourcecode.swift; name = API.swift; path = Model/API.swift; sourceTree = "<group>"; };
		513D777D1E37B9C9000224DC /* CommentAPI.swift */ = {isa = PBXFileReference; fileEncoding = 4; lastKnownFileType = sourcecode.swift; name = CommentAPI.swift; path = Model/CommentAPI.swift; sourceTree = "<group>"; };
		513D777F1E3816AF000224DC /* PostCommentAPI.swift */ = {isa = PBXFileReference; fileEncoding = 4; lastKnownFileType = sourcecode.swift; name = PostCommentAPI.swift; path = Model/PostCommentAPI.swift; sourceTree = "<group>"; };
		514DC8E11E2D4DE7001CD672 /* Post.swift */ = {isa = PBXFileReference; fileEncoding = 4; lastKnownFileType = sourcecode.swift; name = Post.swift; path = Model/Post.swift; sourceTree = "<group>"; };
		514DC8E31E2E96E5001CD672 /* HomeTableViewCell.swift */ = {isa = PBXFileReference; fileEncoding = 4; lastKnownFileType = sourcecode.swift; name = HomeTableViewCell.swift; path = Controller/HomeTableViewCell.swift; sourceTree = "<group>"; };
		5168A5371E2AA6070090FB07 /* Blocstagram-Bridging-Header.h */ = {isa = PBXFileReference; lastKnownFileType = sourcecode.c.h; path = "Blocstagram-Bridging-Header.h"; sourceTree = "<group>"; };
		5168A5381E2AA6080090FB07 /* ProgressHUD.bundle */ = {isa = PBXFileReference; lastKnownFileType = "wrapper.plug-in"; name = ProgressHUD.bundle; path = ProgressHUD/ProgressHUD.bundle; sourceTree = "<group>"; };
		5168A5391E2AA6080090FB07 /* ProgressHUD.h */ = {isa = PBXFileReference; fileEncoding = 4; lastKnownFileType = sourcecode.c.h; name = ProgressHUD.h; path = ProgressHUD/ProgressHUD.h; sourceTree = "<group>"; };
		5168A53A1E2AA6080090FB07 /* ProgressHUD.m */ = {isa = PBXFileReference; fileEncoding = 4; lastKnownFileType = sourcecode.c.objc; name = ProgressHUD.m; path = ProgressHUD/ProgressHUD.m; sourceTree = "<group>"; };
		516C659D1E19666F00547A9B /* Blocstagram.app */ = {isa = PBXFileReference; explicitFileType = wrapper.application; includeInIndex = 0; path = Blocstagram.app; sourceTree = BUILT_PRODUCTS_DIR; };
		516C65A01E19667000547A9B /* AppDelegate.swift */ = {isa = PBXFileReference; lastKnownFileType = sourcecode.swift; path = AppDelegate.swift; sourceTree = "<group>"; };
		516C65A71E19667000547A9B /* Assets.xcassets */ = {isa = PBXFileReference; lastKnownFileType = folder.assetcatalog; path = Assets.xcassets; sourceTree = "<group>"; };
		516C65AA1E19667000547A9B /* Base */ = {isa = PBXFileReference; lastKnownFileType = file.storyboard; name = Base; path = Base.lproj/LaunchScreen.storyboard; sourceTree = "<group>"; };
		516C65AC1E19667000547A9B /* Info.plist */ = {isa = PBXFileReference; lastKnownFileType = text.plist.xml; path = Info.plist; sourceTree = "<group>"; };
		516C65B21E196D0800547A9B /* Start.storyboard */ = {isa = PBXFileReference; fileEncoding = 4; lastKnownFileType = file.storyboard; name = Start.storyboard; path = View/Start.storyboard; sourceTree = "<group>"; };
		516C65B41E196E4B00547A9B /* SignInViewController.swift */ = {isa = PBXFileReference; fileEncoding = 4; lastKnownFileType = sourcecode.swift; name = SignInViewController.swift; path = Controller/SignInViewController.swift; sourceTree = "<group>"; };
		516C65B61E1981C000547A9B /* SignUpViewController.swift */ = {isa = PBXFileReference; fileEncoding = 4; lastKnownFileType = sourcecode.swift; name = SignUpViewController.swift; path = Controller/SignUpViewController.swift; sourceTree = "<group>"; };
		516C65B81E19BE7000547A9B /* HomeViewController.swift */ = {isa = PBXFileReference; fileEncoding = 4; lastKnownFileType = sourcecode.swift; name = HomeViewController.swift; path = Controller/HomeViewController.swift; sourceTree = "<group>"; };
		516C65BA1E19BEB500547A9B /* DiscoverViewController.swift */ = {isa = PBXFileReference; fileEncoding = 4; lastKnownFileType = sourcecode.swift; name = DiscoverViewController.swift; path = Controller/DiscoverViewController.swift; sourceTree = "<group>"; };
		516C65BC1E19BEF500547A9B /* CameraViewController.swift */ = {isa = PBXFileReference; fileEncoding = 4; lastKnownFileType = sourcecode.swift; name = CameraViewController.swift; path = Controller/CameraViewController.swift; sourceTree = "<group>"; };
		516C65BE1E19BF4F00547A9B /* ActivityViewController.swift */ = {isa = PBXFileReference; fileEncoding = 4; lastKnownFileType = sourcecode.swift; name = ActivityViewController.swift; path = Controller/ActivityViewController.swift; sourceTree = "<group>"; };
		516C65C01E19BF9800547A9B /* ProfileViewController.swift */ = {isa = PBXFileReference; fileEncoding = 4; lastKnownFileType = sourcecode.swift; name = ProfileViewController.swift; path = Controller/ProfileViewController.swift; sourceTree = "<group>"; };
		516C65C21E1ACA3B00547A9B /* TabBar.storyboard */ = {isa = PBXFileReference; fileEncoding = 4; lastKnownFileType = file.storyboard; name = TabBar.storyboard; path = View/TabBar.storyboard; sourceTree = "<group>"; };
		516C65C41E1AD6BF00547A9B /* Home.storyboard */ = {isa = PBXFileReference; fileEncoding = 4; lastKnownFileType = file.storyboard; name = Home.storyboard; path = View/Home.storyboard; sourceTree = "<group>"; };
		516C65C61E1AD73400547A9B /* Discover.storyboard */ = {isa = PBXFileReference; fileEncoding = 4; lastKnownFileType = file.storyboard; name = Discover.storyboard; path = View/Discover.storyboard; sourceTree = "<group>"; };
		516C65C81E1AD79200547A9B /* Camera.storyboard */ = {isa = PBXFileReference; fileEncoding = 4; lastKnownFileType = file.storyboard; name = Camera.storyboard; path = View/Camera.storyboard; sourceTree = "<group>"; };
		516C65CA1E1AD80000547A9B /* Activity.storyboard */ = {isa = PBXFileReference; fileEncoding = 4; lastKnownFileType = file.storyboard; name = Activity.storyboard; path = View/Activity.storyboard; sourceTree = "<group>"; };
		516C65CC1E1AD86500547A9B /* Profile.storyboard */ = {isa = PBXFileReference; fileEncoding = 4; lastKnownFileType = file.storyboard; name = Profile.storyboard; path = View/Profile.storyboard; sourceTree = "<group>"; };
		51B4F0B41E1DCB3A00DD76FD /* GoogleService-Info.plist */ = {isa = PBXFileReference; fileEncoding = 4; lastKnownFileType = text.plist.xml; path = "GoogleService-Info.plist"; sourceTree = "<group>"; };
		51DAA6471E32D6A400D5B457 /* CommentViewController.swift */ = {isa = PBXFileReference; fileEncoding = 4; lastKnownFileType = sourcecode.swift; name = CommentViewController.swift; path = Controller/CommentViewController.swift; sourceTree = "<group>"; };
		51DAA6491E32D73500D5B457 /* CommentTableViewCell.swift */ = {isa = PBXFileReference; fileEncoding = 4; lastKnownFileType = sourcecode.swift; name = CommentTableViewCell.swift; path = Controller/CommentTableViewCell.swift; sourceTree = "<group>"; };
		51DAA66F1E35349300D5B457 /* Comment.swift */ = {isa = PBXFileReference; fileEncoding = 4; lastKnownFileType = sourcecode.swift; name = Comment.swift; path = Model/Comment.swift; sourceTree = "<group>"; };
		51E009431E22BF0600D37151 /* Constants.swift */ = {isa = PBXFileReference; fileEncoding = 4; lastKnownFileType = sourcecode.swift; path = Constants.swift; sourceTree = "<group>"; };
		51E009461E2599C000D37151 /* AuthService.swift */ = {isa = PBXFileReference; fileEncoding = 4; lastKnownFileType = sourcecode.swift; name = AuthService.swift; path = Services/AuthService.swift; sourceTree = "<group>"; };
		6C7FEB651E417D1700747494 /* ProfileHeaderCollectionReusableView.swift */ = {isa = PBXFileReference; fileEncoding = 4; lastKnownFileType = sourcecode.swift; name = ProfileHeaderCollectionReusableView.swift; path = Controller/ProfileHeaderCollectionReusableView.swift; sourceTree = "<group>"; };
		94062A553C35D5EF531075D5 /* Pods_Blocstagram.framework */ = {isa = PBXFileReference; explicitFileType = wrapper.framework; includeInIndex = 0; path = Pods_Blocstagram.framework; sourceTree = BUILT_PRODUCTS_DIR; };
		BE6AEA4F5F395C9DB7903A99 /* Pods-Blocstagram.debug.xcconfig */ = {isa = PBXFileReference; includeInIndex = 1; lastKnownFileType = text.xcconfig; name = "Pods-Blocstagram.debug.xcconfig"; path = "Pods/Target Support Files/Pods-Blocstagram/Pods-Blocstagram.debug.xcconfig"; sourceTree = "<group>"; };
		E17E4A951E68EB9E0072045C /* UserPostAPI.swift */ = {isa = PBXFileReference; fileEncoding = 4; lastKnownFileType = sourcecode.swift; name = UserPostAPI.swift; path = Model/UserPostAPI.swift; sourceTree = "<group>"; };
/* End PBXFileReference section */

/* Begin PBXFrameworksBuildPhase section */
		516C659A1E19666F00547A9B /* Frameworks */ = {
			isa = PBXFrameworksBuildPhase;
			buildActionMask = 2147483647;
			files = (
				AAF13790359D07ECD17066C4 /* Pods_Blocstagram.framework in Frameworks */,
			);
			runOnlyForDeploymentPostprocessing = 0;
		};
/* End PBXFrameworksBuildPhase section */

/* Begin PBXGroup section */
		514DC8E01E2D4DC5001CD672 /* Model */ = {
			isa = PBXGroup;
			children = (
				514DC8E11E2D4DE7001CD672 /* Post.swift */,
				511C1A861E3037CF00E39FFA /* User.swift */,
				51DAA66F1E35349300D5B457 /* Comment.swift */,
				513D777B1E37B87B000224DC /* API.swift */,
				513D77771E37B23A000224DC /* PostAPI.swift */,
				513D77791E37B558000224DC /* UserAPI.swift */,
				513D777D1E37B9C9000224DC /* CommentAPI.swift */,
				513D777F1E3816AF000224DC /* PostCommentAPI.swift */,
				E17E4A951E68EB9E0072045C /* UserPostAPI.swift */,
			);
			name = Model;
			sourceTree = "<group>";
		};
		5168A5361E2AA5EA0090FB07 /* ProgressHUD */ = {
			isa = PBXGroup;
			children = (
				5168A5381E2AA6080090FB07 /* ProgressHUD.bundle */,
				5168A5391E2AA6080090FB07 /* ProgressHUD.h */,
				5168A53A1E2AA6080090FB07 /* ProgressHUD.m */,
			);
			name = ProgressHUD;
			sourceTree = "<group>";
		};
		516C65941E19666F00547A9B = {
			isa = PBXGroup;
			children = (
				516C659F1E19666F00547A9B /* Blocstagram */,
				516C659E1E19666F00547A9B /* Products */,
				69148F350F45186ABC3C5C3E /* Pods */,
				B469D6DD54AF75190B352108 /* Frameworks */,
			);
			sourceTree = "<group>";
		};
		516C659E1E19666F00547A9B /* Products */ = {
			isa = PBXGroup;
			children = (
				516C659D1E19666F00547A9B /* Blocstagram.app */,
			);
			name = Products;
			sourceTree = "<group>";
		};
		516C659F1E19666F00547A9B /* Blocstagram */ = {
			isa = PBXGroup;
			children = (
				516C65A01E19667000547A9B /* AppDelegate.swift */,
				5168A5371E2AA6070090FB07 /* Blocstagram-Bridging-Header.h */,
				514DC8E01E2D4DC5001CD672 /* Model */,
				51D91FE51E1D76DA00D02551 /* Views */,
				51D91FE61E1D76E600D02551 /* Controllers */,
				51E009451E25999900D37151 /* Services */,
				5168A5361E2AA5EA0090FB07 /* ProgressHUD */,
				516C65A71E19667000547A9B /* Assets.xcassets */,
				516C65AC1E19667000547A9B /* Info.plist */,
				51B4F0B41E1DCB3A00DD76FD /* GoogleService-Info.plist */,
				51E009431E22BF0600D37151 /* Constants.swift */,
			);
			path = Blocstagram;
			sourceTree = "<group>";
		};
		51D91FE51E1D76DA00D02551 /* Views */ = {
			isa = PBXGroup;
			children = (
				516C65B21E196D0800547A9B /* Start.storyboard */,
				516C65C21E1ACA3B00547A9B /* TabBar.storyboard */,
				516C65C41E1AD6BF00547A9B /* Home.storyboard */,
				516C65C61E1AD73400547A9B /* Discover.storyboard */,
				516C65C81E1AD79200547A9B /* Camera.storyboard */,
				516C65CA1E1AD80000547A9B /* Activity.storyboard */,
				516C65CC1E1AD86500547A9B /* Profile.storyboard */,
				516C65A91E19667000547A9B /* LaunchScreen.storyboard */,
			);
			name = Views;
			sourceTree = "<group>";
		};
		51D91FE61E1D76E600D02551 /* Controllers */ = {
			isa = PBXGroup;
			children = (
				516C65B41E196E4B00547A9B /* SignInViewController.swift */,
				516C65B61E1981C000547A9B /* SignUpViewController.swift */,
				516C65B81E19BE7000547A9B /* HomeViewController.swift */,
				514DC8E31E2E96E5001CD672 /* HomeTableViewCell.swift */,
				51DAA6471E32D6A400D5B457 /* CommentViewController.swift */,
				51DAA6491E32D73500D5B457 /* CommentTableViewCell.swift */,
				516C65BA1E19BEB500547A9B /* DiscoverViewController.swift */,
				516C65BC1E19BEF500547A9B /* CameraViewController.swift */,
				516C65BE1E19BF4F00547A9B /* ActivityViewController.swift */,
				516C65C01E19BF9800547A9B /* ProfileViewController.swift */,
				6C7FEB651E417D1700747494 /* ProfileHeaderCollectionReusableView.swift */,
			);
			name = Controllers;
			sourceTree = "<group>";
		};
		51E009451E25999900D37151 /* Services */ = {
			isa = PBXGroup;
			children = (
				51E009461E2599C000D37151 /* AuthService.swift */,
			);
			name = Services;
			sourceTree = "<group>";
		};
		69148F350F45186ABC3C5C3E /* Pods */ = {
			isa = PBXGroup;
			children = (
				BE6AEA4F5F395C9DB7903A99 /* Pods-Blocstagram.debug.xcconfig */,
				071A29689C501195B90ADED0 /* Pods-Blocstagram.release.xcconfig */,
			);
			name = Pods;
			sourceTree = "<group>";
		};
		B469D6DD54AF75190B352108 /* Frameworks */ = {
			isa = PBXGroup;
			children = (
				94062A553C35D5EF531075D5 /* Pods_Blocstagram.framework */,
			);
			name = Frameworks;
			sourceTree = "<group>";
		};
/* End PBXGroup section */

/* Begin PBXNativeTarget section */
		516C659C1E19666F00547A9B /* Blocstagram */ = {
			isa = PBXNativeTarget;
			buildConfigurationList = 516C65AF1E19667000547A9B /* Build configuration list for PBXNativeTarget "Blocstagram" */;
			buildPhases = (
				CD77550B915D64049AE797F5 /* [CP] Check Pods Manifest.lock */,
				516C65991E19666F00547A9B /* Sources */,
				516C659A1E19666F00547A9B /* Frameworks */,
				516C659B1E19666F00547A9B /* Resources */,
				E3C8CAC6B72AF6784004E3E4 /* [CP] Embed Pods Frameworks */,
				6624BC683F559C6A3A49A5CF /* [CP] Copy Pods Resources */,
			);
			buildRules = (
			);
			dependencies = (
			);
			name = Blocstagram;
			productName = Blocstagram;
			productReference = 516C659D1E19666F00547A9B /* Blocstagram.app */;
			productType = "com.apple.product-type.application";
		};
/* End PBXNativeTarget section */

/* Begin PBXProject section */
		516C65951E19666F00547A9B /* Project object */ = {
			isa = PBXProject;
			attributes = {
				LastSwiftUpdateCheck = 0820;
				LastUpgradeCheck = 0820;
				ORGANIZATIONNAME = ddApps;
				TargetAttributes = {
					516C659C1E19666F00547A9B = {
						CreatedOnToolsVersion = 8.2.1;
						LastSwiftMigration = 0820;
						ProvisioningStyle = Automatic;
					};
				};
			};
			buildConfigurationList = 516C65981E19666F00547A9B /* Build configuration list for PBXProject "Blocstagram" */;
			compatibilityVersion = "Xcode 3.2";
			developmentRegion = English;
			hasScannedForEncodings = 0;
			knownRegions = (
				en,
				Base,
			);
			mainGroup = 516C65941E19666F00547A9B;
			productRefGroup = 516C659E1E19666F00547A9B /* Products */;
			projectDirPath = "";
			projectRoot = "";
			targets = (
				516C659C1E19666F00547A9B /* Blocstagram */,
			);
		};
/* End PBXProject section */

/* Begin PBXResourcesBuildPhase section */
		516C659B1E19666F00547A9B /* Resources */ = {
			isa = PBXResourcesBuildPhase;
			buildActionMask = 2147483647;
			files = (
				5168A53B1E2AA6080090FB07 /* ProgressHUD.bundle in Resources */,
				516C65C31E1ACA3B00547A9B /* TabBar.storyboard in Resources */,
				516C65C91E1AD79200547A9B /* Camera.storyboard in Resources */,
				516C65C51E1AD6BF00547A9B /* Home.storyboard in Resources */,
				516C65AB1E19667000547A9B /* LaunchScreen.storyboard in Resources */,
				516C65A81E19667000547A9B /* Assets.xcassets in Resources */,
				516C65B31E196D0800547A9B /* Start.storyboard in Resources */,
				516C65CD1E1AD86500547A9B /* Profile.storyboard in Resources */,
				51B4F0B51E1DCB3A00DD76FD /* GoogleService-Info.plist in Resources */,
				516C65C71E1AD73400547A9B /* Discover.storyboard in Resources */,
				516C65CB1E1AD80000547A9B /* Activity.storyboard in Resources */,
			);
			runOnlyForDeploymentPostprocessing = 0;
		};
/* End PBXResourcesBuildPhase section */

/* Begin PBXShellScriptBuildPhase section */
		6624BC683F559C6A3A49A5CF /* [CP] Copy Pods Resources */ = {
			isa = PBXShellScriptBuildPhase;
			buildActionMask = 2147483647;
			files = (
			);
			inputPaths = (
			);
			name = "[CP] Copy Pods Resources";
			outputPaths = (
			);
			runOnlyForDeploymentPostprocessing = 0;
			shellPath = /bin/sh;
			shellScript = "\"${SRCROOT}/Pods/Target Support Files/Pods-Blocstagram/Pods-Blocstagram-resources.sh\"\n";
			showEnvVarsInLog = 0;
		};
		CD77550B915D64049AE797F5 /* [CP] Check Pods Manifest.lock */ = {
			isa = PBXShellScriptBuildPhase;
			buildActionMask = 2147483647;
			files = (
			);
			inputPaths = (
			);
			name = "[CP] Check Pods Manifest.lock";
			outputPaths = (
			);
			runOnlyForDeploymentPostprocessing = 0;
			shellPath = /bin/sh;
			shellScript = "diff \"${PODS_ROOT}/../Podfile.lock\" \"${PODS_ROOT}/Manifest.lock\" > /dev/null\nif [ $? != 0 ] ; then\n    # print error to STDERR\n    echo \"error: The sandbox is not in sync with the Podfile.lock. Run 'pod install' or update your CocoaPods installation.\" >&2\n    exit 1\nfi\n";
			showEnvVarsInLog = 0;
		};
		E3C8CAC6B72AF6784004E3E4 /* [CP] Embed Pods Frameworks */ = {
			isa = PBXShellScriptBuildPhase;
			buildActionMask = 2147483647;
			files = (
			);
			inputPaths = (
			);
			name = "[CP] Embed Pods Frameworks";
			outputPaths = (
			);
			runOnlyForDeploymentPostprocessing = 0;
			shellPath = /bin/sh;
			shellScript = "\"${SRCROOT}/Pods/Target Support Files/Pods-Blocstagram/Pods-Blocstagram-frameworks.sh\"\n";
			showEnvVarsInLog = 0;
		};
/* End PBXShellScriptBuildPhase section */

/* Begin PBXSourcesBuildPhase section */
		516C65991E19666F00547A9B /* Sources */ = {
			isa = PBXSourcesBuildPhase;
			buildActionMask = 2147483647;
			files = (
				516C65B71E1981C100547A9B /* SignUpViewController.swift in Sources */,
				516C65B51E196E4B00547A9B /* SignInViewController.swift in Sources */,
				513D77781E37B23A000224DC /* PostAPI.swift in Sources */,
				E17E4A961E68EB9E0072045C /* UserPostAPI.swift in Sources */,
				513D777A1E37B558000224DC /* UserAPI.swift in Sources */,
				514DC8E41E2E96E5001CD672 /* HomeTableViewCell.swift in Sources */,
				516C65A11E19667000547A9B /* AppDelegate.swift in Sources */,
				514DC8E21E2D4DE7001CD672 /* Post.swift in Sources */,
				51DAA6701E35349300D5B457 /* Comment.swift in Sources */,
				51DAA6481E32D6A400D5B457 /* CommentViewController.swift in Sources */,
				6C7FEB661E417D1700747494 /* ProfileHeaderCollectionReusableView.swift in Sources */,
				516C65B91E19BE7000547A9B /* HomeViewController.swift in Sources */,
				511C1A871E3037CF00E39FFA /* User.swift in Sources */,
				513D777E1E37B9C9000224DC /* CommentAPI.swift in Sources */,
				516C65BF1E19BF4F00547A9B /* ActivityViewController.swift in Sources */,
				516C65BB1E19BEB500547A9B /* DiscoverViewController.swift in Sources */,
				5168A53C1E2AA6080090FB07 /* ProgressHUD.m in Sources */,
				513D777C1E37B87B000224DC /* API.swift in Sources */,
				513D77801E3816AF000224DC /* PostCommentAPI.swift in Sources */,
				51DAA64A1E32D73500D5B457 /* CommentTableViewCell.swift in Sources */,
				516C65C11E19BF9800547A9B /* ProfileViewController.swift in Sources */,
				51E009471E2599C000D37151 /* AuthService.swift in Sources */,
				516C65BD1E19BEF500547A9B /* CameraViewController.swift in Sources */,
				51E009441E22BF0600D37151 /* Constants.swift in Sources */,
			);
			runOnlyForDeploymentPostprocessing = 0;
		};
/* End PBXSourcesBuildPhase section */

/* Begin PBXVariantGroup section */
		516C65A91E19667000547A9B /* LaunchScreen.storyboard */ = {
			isa = PBXVariantGroup;
			children = (
				516C65AA1E19667000547A9B /* Base */,
			);
			name = LaunchScreen.storyboard;
			sourceTree = "<group>";
		};
/* End PBXVariantGroup section */

/* Begin XCBuildConfiguration section */
		516C65AD1E19667000547A9B /* Debug */ = {
			isa = XCBuildConfiguration;
			buildSettings = {
				ALWAYS_SEARCH_USER_PATHS = NO;
				CLANG_ANALYZER_NONNULL = YES;
				CLANG_CXX_LANGUAGE_STANDARD = "gnu++0x";
				CLANG_CXX_LIBRARY = "libc++";
				CLANG_ENABLE_MODULES = YES;
				CLANG_ENABLE_OBJC_ARC = YES;
				CLANG_WARN_BOOL_CONVERSION = YES;
				CLANG_WARN_CONSTANT_CONVERSION = YES;
				CLANG_WARN_DIRECT_OBJC_ISA_USAGE = YES_ERROR;
				CLANG_WARN_DOCUMENTATION_COMMENTS = YES;
				CLANG_WARN_EMPTY_BODY = YES;
				CLANG_WARN_ENUM_CONVERSION = YES;
				CLANG_WARN_INFINITE_RECURSION = YES;
				CLANG_WARN_INT_CONVERSION = YES;
				CLANG_WARN_OBJC_ROOT_CLASS = YES_ERROR;
				CLANG_WARN_SUSPICIOUS_MOVE = YES;
				CLANG_WARN_UNREACHABLE_CODE = YES;
				CLANG_WARN__DUPLICATE_METHOD_MATCH = YES;
				"CODE_SIGN_IDENTITY[sdk=iphoneos*]" = "iPhone Developer";
				COPY_PHASE_STRIP = NO;
				DEBUG_INFORMATION_FORMAT = dwarf;
				ENABLE_STRICT_OBJC_MSGSEND = YES;
				ENABLE_TESTABILITY = YES;
				GCC_C_LANGUAGE_STANDARD = gnu99;
				GCC_DYNAMIC_NO_PIC = NO;
				GCC_NO_COMMON_BLOCKS = YES;
				GCC_OPTIMIZATION_LEVEL = 0;
				GCC_PREPROCESSOR_DEFINITIONS = (
					"DEBUG=1",
					"$(inherited)",
				);
				GCC_WARN_64_TO_32_BIT_CONVERSION = YES;
				GCC_WARN_ABOUT_RETURN_TYPE = YES_ERROR;
				GCC_WARN_UNDECLARED_SELECTOR = YES;
				GCC_WARN_UNINITIALIZED_AUTOS = YES_AGGRESSIVE;
				GCC_WARN_UNUSED_FUNCTION = YES;
				GCC_WARN_UNUSED_VARIABLE = YES;
				IPHONEOS_DEPLOYMENT_TARGET = 10.2;
				MTL_ENABLE_DEBUG_INFO = YES;
				ONLY_ACTIVE_ARCH = YES;
				SDKROOT = iphoneos;
				SWIFT_ACTIVE_COMPILATION_CONDITIONS = DEBUG;
				SWIFT_OPTIMIZATION_LEVEL = "-Onone";
				TARGETED_DEVICE_FAMILY = "1,2";
			};
			name = Debug;
		};
		516C65AE1E19667000547A9B /* Release */ = {
			isa = XCBuildConfiguration;
			buildSettings = {
				ALWAYS_SEARCH_USER_PATHS = NO;
				CLANG_ANALYZER_NONNULL = YES;
				CLANG_CXX_LANGUAGE_STANDARD = "gnu++0x";
				CLANG_CXX_LIBRARY = "libc++";
				CLANG_ENABLE_MODULES = YES;
				CLANG_ENABLE_OBJC_ARC = YES;
				CLANG_WARN_BOOL_CONVERSION = YES;
				CLANG_WARN_CONSTANT_CONVERSION = YES;
				CLANG_WARN_DIRECT_OBJC_ISA_USAGE = YES_ERROR;
				CLANG_WARN_DOCUMENTATION_COMMENTS = YES;
				CLANG_WARN_EMPTY_BODY = YES;
				CLANG_WARN_ENUM_CONVERSION = YES;
				CLANG_WARN_INFINITE_RECURSION = YES;
				CLANG_WARN_INT_CONVERSION = YES;
				CLANG_WARN_OBJC_ROOT_CLASS = YES_ERROR;
				CLANG_WARN_SUSPICIOUS_MOVE = YES;
				CLANG_WARN_UNREACHABLE_CODE = YES;
				CLANG_WARN__DUPLICATE_METHOD_MATCH = YES;
				"CODE_SIGN_IDENTITY[sdk=iphoneos*]" = "iPhone Developer";
				COPY_PHASE_STRIP = NO;
				DEBUG_INFORMATION_FORMAT = "dwarf-with-dsym";
				ENABLE_NS_ASSERTIONS = NO;
				ENABLE_STRICT_OBJC_MSGSEND = YES;
				GCC_C_LANGUAGE_STANDARD = gnu99;
				GCC_NO_COMMON_BLOCKS = YES;
				GCC_WARN_64_TO_32_BIT_CONVERSION = YES;
				GCC_WARN_ABOUT_RETURN_TYPE = YES_ERROR;
				GCC_WARN_UNDECLARED_SELECTOR = YES;
				GCC_WARN_UNINITIALIZED_AUTOS = YES_AGGRESSIVE;
				GCC_WARN_UNUSED_FUNCTION = YES;
				GCC_WARN_UNUSED_VARIABLE = YES;
				IPHONEOS_DEPLOYMENT_TARGET = 10.2;
				MTL_ENABLE_DEBUG_INFO = NO;
				SDKROOT = iphoneos;
				SWIFT_OPTIMIZATION_LEVEL = "-Owholemodule";
				TARGETED_DEVICE_FAMILY = "1,2";
				VALIDATE_PRODUCT = YES;
			};
			name = Release;
		};
		516C65B01E19667000547A9B /* Debug */ = {
			isa = XCBuildConfiguration;
			baseConfigurationReference = BE6AEA4F5F395C9DB7903A99 /* Pods-Blocstagram.debug.xcconfig */;
			buildSettings = {
				ASSETCATALOG_COMPILER_APPICON_NAME = AppIcon;
				CLANG_ENABLE_MODULES = YES;
				INFOPLIST_FILE = Blocstagram/Info.plist;
				LD_RUNPATH_SEARCH_PATHS = "$(inherited) @executable_path/Frameworks";
				PRODUCT_BUNDLE_IDENTIFIER = com.ddapps.blocstagram;
				PRODUCT_NAME = "$(TARGET_NAME)";
				SWIFT_OBJC_BRIDGING_HEADER = "Blocstagram/Blocstagram-Bridging-Header.h";
				SWIFT_OPTIMIZATION_LEVEL = "-Onone";
				SWIFT_VERSION = 3.0;
			};
			name = Debug;
		};
		516C65B11E19667000547A9B /* Release */ = {
			isa = XCBuildConfiguration;
			baseConfigurationReference = 071A29689C501195B90ADED0 /* Pods-Blocstagram.release.xcconfig */;
			buildSettings = {
				ASSETCATALOG_COMPILER_APPICON_NAME = AppIcon;
				CLANG_ENABLE_MODULES = YES;
				INFOPLIST_FILE = Blocstagram/Info.plist;
				LD_RUNPATH_SEARCH_PATHS = "$(inherited) @executable_path/Frameworks";
				PRODUCT_BUNDLE_IDENTIFIER = com.ddapps.blocstagram;
				PRODUCT_NAME = "$(TARGET_NAME)";
				SWIFT_OBJC_BRIDGING_HEADER = "Blocstagram/Blocstagram-Bridging-Header.h";
				SWIFT_VERSION = 3.0;
			};
			name = Release;
		};
/* End XCBuildConfiguration section */

/* Begin XCConfigurationList section */
		516C65981E19666F00547A9B /* Build configuration list for PBXProject "Blocstagram" */ = {
			isa = XCConfigurationList;
			buildConfigurations = (
				516C65AD1E19667000547A9B /* Debug */,
				516C65AE1E19667000547A9B /* Release */,
			);
			defaultConfigurationIsVisible = 0;
			defaultConfigurationName = Release;
		};
		516C65AF1E19667000547A9B /* Build configuration list for PBXNativeTarget "Blocstagram" */ = {
			isa = XCConfigurationList;
			buildConfigurations = (
				516C65B01E19667000547A9B /* Debug */,
				516C65B11E19667000547A9B /* Release */,
			);
			defaultConfigurationIsVisible = 0;
			defaultConfigurationName = Release;
		};
/* End XCConfigurationList section */
	};
	rootObject = 516C65951E19666F00547A9B /* Project object */;
}
